// !$*UTF8*$!
{
	archiveVersion = 1;
	classes = {
	};
	objectVersion = 56;
	objects = {

/* Begin PBXBuildFile section */
		7B81AD4429F821A3006CD126 /* CalculatorButtonModel.swift in Sources */ = {isa = PBXBuildFile; fileRef = 7B81AD4329F821A3006CD126 /* CalculatorButtonModel.swift */; };
		7B81AD4629F93EFC006CD126 /* CalculatorOperationModel.swift in Sources */ = {isa = PBXBuildFile; fileRef = 7B81AD4529F93EFC006CD126 /* CalculatorOperationModel.swift */; };
		7B81AD4829F941DE006CD126 /* Extensions.swift in Sources */ = {isa = PBXBuildFile; fileRef = 7B81AD4729F941DE006CD126 /* Extensions.swift */; };
		7B95718529F4088400876E0D /* AppDelegate.swift in Sources */ = {isa = PBXBuildFile; fileRef = 7B95718429F4088400876E0D /* AppDelegate.swift */; };
		7B95718729F4088400876E0D /* SceneDelegate.swift in Sources */ = {isa = PBXBuildFile; fileRef = 7B95718629F4088400876E0D /* SceneDelegate.swift */; };
		7B95718929F4088400876E0D /* CalculatorViewController.swift in Sources */ = {isa = PBXBuildFile; fileRef = 7B95718829F4088400876E0D /* CalculatorViewController.swift */; };
		7B95718E29F4088500876E0D /* Assets.xcassets in Resources */ = {isa = PBXBuildFile; fileRef = 7B95718D29F4088500876E0D /* Assets.xcassets */; };
		7B95719129F4088500876E0D /* LaunchScreen.storyboard in Resources */ = {isa = PBXBuildFile; fileRef = 7B95718F29F4088500876E0D /* LaunchScreen.storyboard */; };
		7B95719E29F81FC000876E0D /* CalculatorViewModel.swift in Sources */ = {isa = PBXBuildFile; fileRef = 7B95719D29F81FC000876E0D /* CalculatorViewModel.swift */; };
		7B9571A029F8201500876E0D /* ButtonCollectionViewCell.swift in Sources */ = {isa = PBXBuildFile; fileRef = 7B95719F29F8201500876E0D /* ButtonCollectionViewCell.swift */; };
		7B9571A229F8207D00876E0D /* CalculatorHeaderCell.swift in Sources */ = {isa = PBXBuildFile; fileRef = 7B9571A129F8207D00876E0D /* CalculatorHeaderCell.swift */; };
/* End PBXBuildFile section */

/* Begin PBXFileReference section */
		7B81AD4329F821A3006CD126 /* CalculatorButtonModel.swift */ = {isa = PBXFileReference; lastKnownFileType = sourcecode.swift; path = CalculatorButtonModel.swift; sourceTree = "<group>"; };
		7B81AD4529F93EFC006CD126 /* CalculatorOperationModel.swift */ = {isa = PBXFileReference; lastKnownFileType = sourcecode.swift; path = CalculatorOperationModel.swift; sourceTree = "<group>"; };
		7B81AD4729F941DE006CD126 /* Extensions.swift */ = {isa = PBXFileReference; lastKnownFileType = sourcecode.swift; path = Extensions.swift; sourceTree = "<group>"; };
		7B95718129F4088400876E0D /* Calculator-Clone.app */ = {isa = PBXFileReference; explicitFileType = wrapper.application; includeInIndex = 0; path = "Calculator-Clone.app"; sourceTree = BUILT_PRODUCTS_DIR; };
		7B95718429F4088400876E0D /* AppDelegate.swift */ = {isa = PBXFileReference; lastKnownFileType = sourcecode.swift; path = AppDelegate.swift; sourceTree = "<group>"; };
		7B95718629F4088400876E0D /* SceneDelegate.swift */ = {isa = PBXFileReference; lastKnownFileType = sourcecode.swift; path = SceneDelegate.swift; sourceTree = "<group>"; };
		7B95718829F4088400876E0D /* CalculatorViewController.swift */ = {isa = PBXFileReference; lastKnownFileType = sourcecode.swift; path = CalculatorViewController.swift; sourceTree = "<group>"; };
		7B95718D29F4088500876E0D /* Assets.xcassets */ = {isa = PBXFileReference; lastKnownFileType = folder.assetcatalog; path = Assets.xcassets; sourceTree = "<group>"; };
		7B95719029F4088500876E0D /* Base */ = {isa = PBXFileReference; lastKnownFileType = file.storyboard; name = Base; path = Base.lproj/LaunchScreen.storyboard; sourceTree = "<group>"; };
		7B95719229F4088500876E0D /* Info.plist */ = {isa = PBXFileReference; lastKnownFileType = text.plist.xml; path = Info.plist; sourceTree = "<group>"; };
		7B95719D29F81FC000876E0D /* CalculatorViewModel.swift */ = {isa = PBXFileReference; lastKnownFileType = sourcecode.swift; path = CalculatorViewModel.swift; sourceTree = "<group>"; };
		7B95719F29F8201500876E0D /* ButtonCollectionViewCell.swift */ = {isa = PBXFileReference; lastKnownFileType = sourcecode.swift; path = ButtonCollectionViewCell.swift; sourceTree = "<group>"; };
		7B9571A129F8207D00876E0D /* CalculatorHeaderCell.swift */ = {isa = PBXFileReference; lastKnownFileType = sourcecode.swift; path = CalculatorHeaderCell.swift; sourceTree = "<group>"; };
/* End PBXFileReference section */

/* Begin PBXFrameworksBuildPhase section */
		7B95717E29F4088400876E0D /* Frameworks */ = {
			isa = PBXFrameworksBuildPhase;
			buildActionMask = 2147483647;
			files = (
			);
			runOnlyForDeploymentPostprocessing = 0;
		};
/* End PBXFrameworksBuildPhase section */

/* Begin PBXGroup section */
		7B95717829F4088400876E0D = {
			isa = PBXGroup;
			children = (
				7B95718329F4088400876E0D /* Calculator-Clone */,
				7B95718229F4088400876E0D /* Products */,
			);
			sourceTree = "<group>";
		};
		7B95718229F4088400876E0D /* Products */ = {
			isa = PBXGroup;
			children = (
				7B95718129F4088400876E0D /* Calculator-Clone.app */,
			);
			name = Products;
			sourceTree = "<group>";
		};
		7B95718329F4088400876E0D /* Calculator-Clone */ = {
			isa = PBXGroup;
			children = (
				7B95719C29F81FA300876E0D /* Model */,
				7B95719B29F81F9C00876E0D /* ViewModel */,
				7B95719A29F81F9100876E0D /* View */,
				7B95719829F81CD500876E0D /* Supporting */,
				7B95719229F4088500876E0D /* Info.plist */,
			);
			path = "Calculator-Clone";
			sourceTree = "<group>";
		};
		7B95719829F81CD500876E0D /* Supporting */ = {
			isa = PBXGroup;
			children = (
				7B95718429F4088400876E0D /* AppDelegate.swift */,
				7B95718629F4088400876E0D /* SceneDelegate.swift */,
				7B95718D29F4088500876E0D /* Assets.xcassets */,
				7B95718F29F4088500876E0D /* LaunchScreen.storyboard */,
				7B81AD4729F941DE006CD126 /* Extensions.swift */,
			);
			path = Supporting;
			sourceTree = "<group>";
		};
		7B95719A29F81F9100876E0D /* View */ = {
			isa = PBXGroup;
			children = (
				7B95719F29F8201500876E0D /* ButtonCollectionViewCell.swift */,
				7B9571A129F8207D00876E0D /* CalculatorHeaderCell.swift */,
				7B95718829F4088400876E0D /* CalculatorViewController.swift */,
			);
			path = View;
			sourceTree = "<group>";
		};
		7B95719B29F81F9C00876E0D /* ViewModel */ = {
			isa = PBXGroup;
			children = (
				7B95719D29F81FC000876E0D /* CalculatorViewModel.swift */,
			);
			path = ViewModel;
			sourceTree = "<group>";
		};
		7B95719C29F81FA300876E0D /* Model */ = {
			isa = PBXGroup;
			children = (
				7B81AD4329F821A3006CD126 /* CalculatorButtonModel.swift */,
				7B81AD4529F93EFC006CD126 /* CalculatorOperationModel.swift */,
			);
			path = Model;
			sourceTree = "<group>";
		};
/* End PBXGroup section */

/* Begin PBXNativeTarget section */
		7B95718029F4088400876E0D /* Calculator-Clone */ = {
			isa = PBXNativeTarget;
			buildConfigurationList = 7B95719529F4088500876E0D /* Build configuration list for PBXNativeTarget "Calculator-Clone" */;
			buildPhases = (
				7B95717D29F4088400876E0D /* Sources */,
				7B95717E29F4088400876E0D /* Frameworks */,
				7B95717F29F4088400876E0D /* Resources */,
			);
			buildRules = (
			);
			dependencies = (
			);
			name = "Calculator-Clone";
			productName = "Calculator-Clone";
			productReference = 7B95718129F4088400876E0D /* Calculator-Clone.app */;
			productType = "com.apple.product-type.application";
		};
/* End PBXNativeTarget section */

/* Begin PBXProject section */
		7B95717929F4088400876E0D /* Project object */ = {
			isa = PBXProject;
			attributes = {
				BuildIndependentTargetsInParallel = 1;
				LastSwiftUpdateCheck = 1400;
				LastUpgradeCheck = 1400;
				TargetAttributes = {
					7B95718029F4088400876E0D = {
						CreatedOnToolsVersion = 14.0;
					};
				};
			};
			buildConfigurationList = 7B95717C29F4088400876E0D /* Build configuration list for PBXProject "Calculator-Clone" */;
			compatibilityVersion = "Xcode 14.0";
			developmentRegion = en;
			hasScannedForEncodings = 0;
			knownRegions = (
				en,
				Base,
			);
			mainGroup = 7B95717829F4088400876E0D;
			productRefGroup = 7B95718229F4088400876E0D /* Products */;
			projectDirPath = "";
			projectRoot = "";
			targets = (
				7B95718029F4088400876E0D /* Calculator-Clone */,
			);
		};
/* End PBXProject section */

/* Begin PBXResourcesBuildPhase section */
		7B95717F29F4088400876E0D /* Resources */ = {
			isa = PBXResourcesBuildPhase;
			buildActionMask = 2147483647;
			files = (
				7B95719129F4088500876E0D /* LaunchScreen.storyboard in Resources */,
				7B95718E29F4088500876E0D /* Assets.xcassets in Resources */,
			);
			runOnlyForDeploymentPostprocessing = 0;
		};
/* End PBXResourcesBuildPhase section */

/* Begin PBXSourcesBuildPhase section */
		7B95717D29F4088400876E0D /* Sources */ = {
			isa = PBXSourcesBuildPhase;
			buildActionMask = 2147483647;
			files = (
				7B9571A229F8207D00876E0D /* CalculatorHeaderCell.swift in Sources */,
				7B81AD4829F941DE006CD126 /* Extensions.swift in Sources */,
				7B81AD4429F821A3006CD126 /* CalculatorButtonModel.swift in Sources */,
				7B95718929F4088400876E0D /* CalculatorViewController.swift in Sources */,
				7B95718529F4088400876E0D /* AppDelegate.swift in Sources */,
				7B95719E29F81FC000876E0D /* CalculatorViewModel.swift in Sources */,
				7B81AD4629F93EFC006CD126 /* CalculatorOperationModel.swift in Sources */,
				7B9571A029F8201500876E0D /* ButtonCollectionViewCell.swift in Sources */,
				7B95718729F4088400876E0D /* SceneDelegate.swift in Sources */,
			);
			runOnlyForDeploymentPostprocessing = 0;
		};
/* End PBXSourcesBuildPhase section */

/* Begin PBXVariantGroup section */
		7B95718F29F4088500876E0D /* LaunchScreen.storyboard */ = {
			isa = PBXVariantGroup;
			children = (
				7B95719029F4088500876E0D /* Base */,
			);
			name = LaunchScreen.storyboard;
			sourceTree = "<group>";
		};
/* End PBXVariantGroup section */

/* Begin XCBuildConfiguration section */
		7B95719329F4088500876E0D /* Debug */ = {
			isa = XCBuildConfiguration;
			buildSettings = {
				ALWAYS_SEARCH_USER_PATHS = NO;
				CLANG_ANALYZER_NONNULL = YES;
				CLANG_ANALYZER_NUMBER_OBJECT_CONVERSION = YES_AGGRESSIVE;
				CLANG_CXX_LANGUAGE_STANDARD = "gnu++20";
				CLANG_ENABLE_MODULES = YES;
				CLANG_ENABLE_OBJC_ARC = YES;
				CLANG_ENABLE_OBJC_WEAK = YES;
				CLANG_WARN_BLOCK_CAPTURE_AUTORELEASING = YES;
				CLANG_WARN_BOOL_CONVERSION = YES;
				CLANG_WARN_COMMA = YES;
				CLANG_WARN_CONSTANT_CONVERSION = YES;
				CLANG_WARN_DEPRECATED_OBJC_IMPLEMENTATIONS = YES;
				CLANG_WARN_DIRECT_OBJC_ISA_USAGE = YES_ERROR;
				CLANG_WARN_DOCUMENTATION_COMMENTS = YES;
				CLANG_WARN_EMPTY_BODY = YES;
				CLANG_WARN_ENUM_CONVERSION = YES;
				CLANG_WARN_INFINITE_RECURSION = YES;
				CLANG_WARN_INT_CONVERSION = YES;
				CLANG_WARN_NON_LITERAL_NULL_CONVERSION = YES;
				CLANG_WARN_OBJC_IMPLICIT_RETAIN_SELF = YES;
				CLANG_WARN_OBJC_LITERAL_CONVERSION = YES;
				CLANG_WARN_OBJC_ROOT_CLASS = YES_ERROR;
				CLANG_WARN_QUOTED_INCLUDE_IN_FRAMEWORK_HEADER = YES;
				CLANG_WARN_RANGE_LOOP_ANALYSIS = YES;
				CLANG_WARN_STRICT_PROTOTYPES = YES;
				CLANG_WARN_SUSPICIOUS_MOVE = YES;
				CLANG_WARN_UNGUARDED_AVAILABILITY = YES_AGGRESSIVE;
				CLANG_WARN_UNREACHABLE_CODE = YES;
				CLANG_WARN__DUPLICATE_METHOD_MATCH = YES;
				COPY_PHASE_STRIP = NO;
				DEBUG_INFORMATION_FORMAT = dwarf;
				ENABLE_STRICT_OBJC_MSGSEND = YES;
				ENABLE_TESTABILITY = YES;
				GCC_C_LANGUAGE_STANDARD = gnu11;
				GCC_DYNAMIC_NO_PIC = NO;
				GCC_NO_COMMON_BLOCKS = YES;
				GCC_OPTIMIZATION_LEVEL = 0;
				GCC_PREPROCESSOR_DEFINITIONS = (
					"DEBUG=1",
					"$(inherited)",
				);
				GCC_WARN_64_TO_32_BIT_CONVERSION = YES;
				GCC_WARN_ABOUT_RETURN_TYPE = YES_ERROR;
				GCC_WARN_UNDECLARED_SELECTOR = YES;
				GCC_WARN_UNINITIALIZED_AUTOS = YES_AGGRESSIVE;
				GCC_WARN_UNUSED_FUNCTION = YES;
				GCC_WARN_UNUSED_VARIABLE = YES;
				IPHONEOS_DEPLOYMENT_TARGET = 16.0;
				MTL_ENABLE_DEBUG_INFO = INCLUDE_SOURCE;
				MTL_FAST_MATH = YES;
				ONLY_ACTIVE_ARCH = YES;
				SDKROOT = iphoneos;
				SWIFT_ACTIVE_COMPILATION_CONDITIONS = DEBUG;
				SWIFT_OPTIMIZATION_LEVEL = "-Onone";
			};
			name = Debug;
		};
		7B95719429F4088500876E0D /* Release */ = {
			isa = XCBuildConfiguration;
			buildSettings = {
				ALWAYS_SEARCH_USER_PATHS = NO;
				CLANG_ANALYZER_NONNULL = YES;
				CLANG_ANALYZER_NUMBER_OBJECT_CONVERSION = YES_AGGRESSIVE;
				CLANG_CXX_LANGUAGE_STANDARD = "gnu++20";
				CLANG_ENABLE_MODULES = YES;
				CLANG_ENABLE_OBJC_ARC = YES;
				CLANG_ENABLE_OBJC_WEAK = YES;
				CLANG_WARN_BLOCK_CAPTURE_AUTORELEASING = YES;
				CLANG_WARN_BOOL_CONVERSION = YES;
				CLANG_WARN_COMMA = YES;
				CLANG_WARN_CONSTANT_CONVERSION = YES;
				CLANG_WARN_DEPRECATED_OBJC_IMPLEMENTATIONS = YES;
				CLANG_WARN_DIRECT_OBJC_ISA_USAGE = YES_ERROR;
				CLANG_WARN_DOCUMENTATION_COMMENTS = YES;
				CLANG_WARN_EMPTY_BODY = YES;
				CLANG_WARN_ENUM_CONVERSION = YES;
				CLANG_WARN_INFINITE_RECURSION = YES;
				CLANG_WARN_INT_CONVERSION = YES;
				CLANG_WARN_NON_LITERAL_NULL_CONVERSION = YES;
				CLANG_WARN_OBJC_IMPLICIT_RETAIN_SELF = YES;
				CLANG_WARN_OBJC_LITERAL_CONVERSION = YES;
				CLANG_WARN_OBJC_ROOT_CLASS = YES_ERROR;
				CLANG_WARN_QUOTED_INCLUDE_IN_FRAMEWORK_HEADER = YES;
				CLANG_WARN_RANGE_LOOP_ANALYSIS = YES;
				CLANG_WARN_STRICT_PROTOTYPES = YES;
				CLANG_WARN_SUSPICIOUS_MOVE = YES;
				CLANG_WARN_UNGUARDED_AVAILABILITY = YES_AGGRESSIVE;
				CLANG_WARN_UNREACHABLE_CODE = YES;
				CLANG_WARN__DUPLICATE_METHOD_MATCH = YES;
				COPY_PHASE_STRIP = NO;
				DEBUG_INFORMATION_FORMAT = "dwarf-with-dsym";
				ENABLE_NS_ASSERTIONS = NO;
				ENABLE_STRICT_OBJC_MSGSEND = YES;
				GCC_C_LANGUAGE_STANDARD = gnu11;
				GCC_NO_COMMON_BLOCKS = YES;
				GCC_WARN_64_TO_32_BIT_CONVERSION = YES;
				GCC_WARN_ABOUT_RETURN_TYPE = YES_ERROR;
				GCC_WARN_UNDECLARED_SELECTOR = YES;
				GCC_WARN_UNINITIALIZED_AUTOS = YES_AGGRESSIVE;
				GCC_WARN_UNUSED_FUNCTION = YES;
				GCC_WARN_UNUSED_VARIABLE = YES;
				IPHONEOS_DEPLOYMENT_TARGET = 16.0;
				MTL_ENABLE_DEBUG_INFO = NO;
				MTL_FAST_MATH = YES;
				SDKROOT = iphoneos;
				SWIFT_COMPILATION_MODE = wholemodule;
				SWIFT_OPTIMIZATION_LEVEL = "-O";
				VALIDATE_PRODUCT = YES;
			};
			name = Release;
		};
		7B95719629F4088500876E0D /* Debug */ = {
			isa = XCBuildConfiguration;
			buildSettings = {
				ASSETCATALOG_COMPILER_APPICON_NAME = AppIcon;
				ASSETCATALOG_COMPILER_GLOBAL_ACCENT_COLOR_NAME = AccentColor;
				CODE_SIGN_STYLE = Automatic;
				CURRENT_PROJECT_VERSION = 1;
				DEVELOPMENT_TEAM = KTK732WRHB;
				GENERATE_INFOPLIST_FILE = YES;
				INFOPLIST_FILE = "Calculator-Clone/Info.plist";
				INFOPLIST_KEY_UIApplicationSupportsIndirectInputEvents = YES;
				INFOPLIST_KEY_UILaunchStoryboardName = LaunchScreen;
				INFOPLIST_KEY_UISupportedInterfaceOrientations_iPad = "UIInterfaceOrientationPortrait UIInterfaceOrientationPortraitUpsideDown UIInterfaceOrientationLandscapeLeft UIInterfaceOrientationLandscapeRight";
				INFOPLIST_KEY_UISupportedInterfaceOrientations_iPhone = "UIInterfaceOrientationPortrait UIInterfaceOrientationLandscapeLeft UIInterfaceOrientationLandscapeRight";
				LD_RUNPATH_SEARCH_PATHS = (
					"$(inherited)",
					"@executable_path/Frameworks",
				);
				MARKETING_VERSION = 1.0;
				PRODUCT_BUNDLE_IDENTIFIER = "com.allymationes.Calculator-Clone";
				PRODUCT_NAME = "$(TARGET_NAME)";
				SWIFT_EMIT_LOC_STRINGS = YES;
				SWIFT_VERSION = 5.0;
				TARGETED_DEVICE_FAMILY = "1,2";
			};
			name = Debug;
		};
		7B95719729F4088500876E0D /* Release */ = {
			isa = XCBuildConfiguration;
			buildSettings = {
				ASSETCATALOG_COMPILER_APPICON_NAME = AppIcon;
				ASSETCATALOG_COMPILER_GLOBAL_ACCENT_COLOR_NAME = AccentColor;
				CODE_SIGN_STYLE = Automatic;
				CURRENT_PROJECT_VERSION = 1;
				DEVELOPMENT_TEAM = KTK732WRHB;
				GENERATE_INFOPLIST_FILE = YES;
				INFOPLIST_FILE = "Calculator-Clone/Info.plist";
				INFOPLIST_KEY_UIApplicationSupportsIndirectInputEvents = YES;
				INFOPLIST_KEY_UILaunchStoryboardName = LaunchScreen;
				INFOPLIST_KEY_UISupportedInterfaceOrientations_iPad = "UIInterfaceOrientationPortrait UIInterfaceOrientationPortraitUpsideDown UIInterfaceOrientationLandscapeLeft UIInterfaceOrientationLandscapeRight";
				INFOPLIST_KEY_UISupportedInterfaceOrientations_iPhone = "UIInterfaceOrientationPortrait UIInterfaceOrientationLandscapeLeft UIInterfaceOrientationLandscapeRight";
				LD_RUNPATH_SEARCH_PATHS = (
					"$(inherited)",
					"@executable_path/Frameworks",
				);
				MARKETING_VERSION = 1.0;
				PRODUCT_BUNDLE_IDENTIFIER = "com.allymationes.Calculator-Clone";
				PRODUCT_NAME = "$(TARGET_NAME)";
				SWIFT_EMIT_LOC_STRINGS = YES;
				SWIFT_VERSION = 5.0;
				TARGETED_DEVICE_FAMILY = "1,2";
			};
			name = Release;
		};
/* End XCBuildConfiguration section */

/* Begin XCConfigurationList section */
		7B95717C29F4088400876E0D /* Build configuration list for PBXProject "Calculator-Clone" */ = {
			isa = XCConfigurationList;
			buildConfigurations = (
				7B95719329F4088500876E0D /* Debug */,
				7B95719429F4088500876E0D /* Release */,
			);
			defaultConfigurationIsVisible = 0;
			defaultConfigurationName = Release;
		};
		7B95719529F4088500876E0D /* Build configuration list for PBXNativeTarget "Calculator-Clone" */ = {
			isa = XCConfigurationList;
			buildConfigurations = (
				7B95719629F4088500876E0D /* Debug */,
				7B95719729F4088500876E0D /* Release */,
			);
			defaultConfigurationIsVisible = 0;
			defaultConfigurationName = Release;
		};
/* End XCConfigurationList section */
	};
	rootObject = 7B95717929F4088400876E0D /* Project object */;
}
